
Microsoft Visual Studio Solution File, Format Version 12.00
# Visual Studio Version 17
VisualStudioVersion = 17.10.34928.147
MinimumVisualStudioVersion = 10.0.40219.1
Project("{FAE04EC0-301F-11D3-BF4B-00C04F79EFBC}") = "4test4", "4test4\4test4.csproj", "{4803875B-4D59-48AC-8E18-1A0B0F2FB05F}"
EndProject
Global
	GlobalSection(SolutionConfigurationPlatforms) = preSolution
		Debug|Any CPU = Debug|Any CPU
		Release|Any CPU = Release|Any CPU
	EndGlobalSection
	GlobalSection(ProjectConfigurationPlatforms) = postSolution
		{4803875B-4D59-48AC-8E18-1A0B0F2FB05F}.Debug|Any CPU.ActiveCfg = Debug|Any CPU
		{4803875B-4D59-48AC-8E18-1A0B0F2FB05F}.Debug|Any CPU.Build.0 = Debug|Any CPU
		{4803875B-4D59-48AC-8E18-1A0B0F2FB05F}.Release|Any CPU.ActiveCfg = Release|Any CPU
		{4803875B-4D59-48AC-8E18-1A0B0F2FB05F}.Release|Any CPU.Build.0 = Release|Any CPU
	EndGlobalSection
	GlobalSection(SolutionProperties) = preSolution
		HideSolutionNode = FALSE
	EndGlobalSection
	GlobalSection(ExtensibilityGlobals) = postSolution
		SolutionGuid = {941B32F2-F4B3-414E-A9F5-DB338F126AB8}
	EndGlobalSection
EndGlobal
